{
  "originHash" : "9a90fd6b751db9d872f6d8fec0f562188d05fff2207aaee414e5b69e095576f9",
  "pins" : [
    {
      "identity" : "plaid-link-ios-spm",
      "kind" : "remoteSourceControl",
      "location" : "https://github.com/plaid/plaid-link-ios-spm.git",
      "state" : {
        "revision" : "1ec8816915e715dffaec13e012633a8179bb6179",
        "version" : "7.1.1"
      }
    }
  ],
  "version" : 3
}
